// !$*UTF8*$!
{
	archiveVersion = 1;
	classes = {
	};
	objectVersion = 46;
	objects = {

/* Begin PBXBuildFile section */
		CC0515831B6B134C0068BBA9 /* CustomCell.swift in Sources */ = {isa = PBXBuildFile; fileRef = CC0515821B6B134C0068BBA9 /* CustomCell.swift */; };
		CC0515851B6B21660068BBA9 /* Flower.swift in Sources */ = {isa = PBXBuildFile; fileRef = CC0515841B6B21660068BBA9 /* Flower.swift */; };
		CC0515891B6B70690068BBA9 /* CollectionCustomCell.swift in Sources */ = {isa = PBXBuildFile; fileRef = CC0515881B6B70690068BBA9 /* CollectionCustomCell.swift */; };
		CC05158B1B6B725C0068BBA9 /* CollectionViewController.swift in Sources */ = {isa = PBXBuildFile; fileRef = CC05158A1B6B725C0068BBA9 /* CollectionViewController.swift */; };
		CC5BFB0F1B7D81AF006CBE20 /* MenuCollectionViewController.swift in Sources */ = {isa = PBXBuildFile; fileRef = CC5BFB0E1B7D81AF006CBE20 /* MenuCollectionViewController.swift */; };
		CC5BFB111B7D989C006CBE20 /* MenuCollectionCustomCell.swift in Sources */ = {isa = PBXBuildFile; fileRef = CC5BFB101B7D989C006CBE20 /* MenuCollectionCustomCell.swift */; };
		CC5BFB131B7D9E0B006CBE20 /* FifthViewController.swift in Sources */ = {isa = PBXBuildFile; fileRef = CC5BFB121B7D9E0B006CBE20 /* FifthViewController.swift */; };
		CC5BFB151B7D9E40006CBE20 /* SixthViewController.swift in Sources */ = {isa = PBXBuildFile; fileRef = CC5BFB141B7D9E40006CBE20 /* SixthViewController.swift */; };
		CC5BFB171B7DE0BF006CBE20 /* HotelMapViewController.swift in Sources */ = {isa = PBXBuildFile; fileRef = CC5BFB161B7DE0BF006CBE20 /* HotelMapViewController.swift */; };
		CC5BFB191B7DEB3F006CBE20 /* HotelSingle.swift in Sources */ = {isa = PBXBuildFile; fileRef = CC5BFB181B7DEB3F006CBE20 /* HotelSingle.swift */; };
		CC83C6451B9686B2000ED609 /* UserDefaultViewController.swift in Sources */ = {isa = PBXBuildFile; fileRef = CC83C6441B9686B2000ED609 /* UserDefaultViewController.swift */; };
		CC83C6471B96A467000ED609 /* imgintro.txt in Resources */ = {isa = PBXBuildFile; fileRef = CC83C6461B96A467000ED609 /* imgintro.txt */; };
		CC83C6491B96A475000ED609 /* poem.txt in Resources */ = {isa = PBXBuildFile; fileRef = CC83C6481B96A475000ED609 /* poem.txt */; };
		CC83C64B1B96A962000ED609 /* ReadTXTViewController.swift in Sources */ = {isa = PBXBuildFile; fileRef = CC83C64A1B96A962000ED609 /* ReadTXTViewController.swift */; };
		CC934AFD1B5DEEE9004B6690 /* AppDelegate.swift in Sources */ = {isa = PBXBuildFile; fileRef = CC934AFC1B5DEEE9004B6690 /* AppDelegate.swift */; };
		CC934AFF1B5DEEE9004B6690 /* ViewController.swift in Sources */ = {isa = PBXBuildFile; fileRef = CC934AFE1B5DEEE9004B6690 /* ViewController.swift */; };
		CC934B021B5DEEE9004B6690 /* Main.storyboard in Resources */ = {isa = PBXBuildFile; fileRef = CC934B001B5DEEE9004B6690 /* Main.storyboard */; };
		CC934B041B5DEEE9004B6690 /* Images.xcassets in Resources */ = {isa = PBXBuildFile; fileRef = CC934B031B5DEEE9004B6690 /* Images.xcassets */; };
		CC934B071B5DEEE9004B6690 /* LaunchScreen.xib in Resources */ = {isa = PBXBuildFile; fileRef = CC934B051B5DEEE9004B6690 /* LaunchScreen.xib */; };
		CC934B131B5DEEE9004B6690 /* UI_SwiftTests.swift in Sources */ = {isa = PBXBuildFile; fileRef = CC934B121B5DEEE9004B6690 /* UI_SwiftTests.swift */; };
		CC934B1D1B5DEFC6004B6690 /* SecondViewController.swift in Sources */ = {isa = PBXBuildFile; fileRef = CC934B1C1B5DEFC6004B6690 /* SecondViewController.swift */; };
		CC937E801B6A230600A43B26 /* FourthViewController.swift in Sources */ = {isa = PBXBuildFile; fileRef = CC937E7F1B6A230600A43B26 /* FourthViewController.swift */; };
		CC94F0391B8173D300586601 /* HttpController.swift in Sources */ = {isa = PBXBuildFile; fileRef = CC94F0381B8173D300586601 /* HttpController.swift */; };
		CC94F03D1B81842C00586601 /* HotelTableViewController.swift in Sources */ = {isa = PBXBuildFile; fileRef = CC94F03C1B81842C00586601 /* HotelTableViewController.swift */; };
		CCBED1361B71A7E000F31395 /* WebViewController.swift in Sources */ = {isa = PBXBuildFile; fileRef = CCBED1351B71A7E000F31395 /* WebViewController.swift */; };
		CCC4F6CB1B9938850026B30B /* CreateFileViewController.swift in Sources */ = {isa = PBXBuildFile; fileRef = CCC4F6CA1B9938850026B30B /* CreateFileViewController.swift */; };
		CCC4F6CD1B998D8E0026B30B /* NotePadViewController.swift in Sources */ = {isa = PBXBuildFile; fileRef = CCC4F6CC1B998D8E0026B30B /* NotePadViewController.swift */; };
		CCED36991B61EA9700A4708C /* ThirdViewController.swift in Sources */ = {isa = PBXBuildFile; fileRef = CCED36981B61EA9700A4708C /* ThirdViewController.swift */; };
/* End PBXBuildFile section */

/* Begin PBXContainerItemProxy section */
		CC934B0D1B5DEEE9004B6690 /* PBXContainerItemProxy */ = {
			isa = PBXContainerItemProxy;
			containerPortal = CC934AEF1B5DEEE9004B6690 /* Project object */;
			proxyType = 1;
			remoteGlobalIDString = CC934AF61B5DEEE9004B6690;
			remoteInfo = UI_Swift;
		};
/* End PBXContainerItemProxy section */

/* Begin PBXFileReference section */
		CC0515821B6B134C0068BBA9 /* CustomCell.swift */ = {isa = PBXFileReference; fileEncoding = 4; lastKnownFileType = sourcecode.swift; path = CustomCell.swift; sourceTree = "<group>"; };
		CC0515841B6B21660068BBA9 /* Flower.swift */ = {isa = PBXFileReference; fileEncoding = 4; lastKnownFileType = sourcecode.swift; path = Flower.swift; sourceTree = "<group>"; };
		CC0515881B6B70690068BBA9 /* CollectionCustomCell.swift */ = {isa = PBXFileReference; fileEncoding = 4; lastKnownFileType = sourcecode.swift; path = CollectionCustomCell.swift; sourceTree = "<group>"; };
		CC05158A1B6B725C0068BBA9 /* CollectionViewController.swift */ = {isa = PBXFileReference; fileEncoding = 4; lastKnownFileType = sourcecode.swift; path = CollectionViewController.swift; sourceTree = "<group>"; };
		CC5BFB0E1B7D81AF006CBE20 /* MenuCollectionViewController.swift */ = {isa = PBXFileReference; fileEncoding = 4; lastKnownFileType = sourcecode.swift; path = MenuCollectionViewController.swift; sourceTree = "<group>"; };
		CC5BFB101B7D989C006CBE20 /* MenuCollectionCustomCell.swift */ = {isa = PBXFileReference; fileEncoding = 4; lastKnownFileType = sourcecode.swift; path = MenuCollectionCustomCell.swift; sourceTree = "<group>"; };
		CC5BFB121B7D9E0B006CBE20 /* FifthViewController.swift */ = {isa = PBXFileReference; fileEncoding = 4; lastKnownFileType = sourcecode.swift; path = FifthViewController.swift; sourceTree = "<group>"; };
		CC5BFB141B7D9E40006CBE20 /* SixthViewController.swift */ = {isa = PBXFileReference; fileEncoding = 4; lastKnownFileType = sourcecode.swift; path = SixthViewController.swift; sourceTree = "<group>"; };
		CC5BFB161B7DE0BF006CBE20 /* HotelMapViewController.swift */ = {isa = PBXFileReference; fileEncoding = 4; lastKnownFileType = sourcecode.swift; path = HotelMapViewController.swift; sourceTree = "<group>"; };
		CC5BFB181B7DEB3F006CBE20 /* HotelSingle.swift */ = {isa = PBXFileReference; fileEncoding = 4; lastKnownFileType = sourcecode.swift; path = HotelSingle.swift; sourceTree = "<group>"; };
		CC83C6441B9686B2000ED609 /* UserDefaultViewController.swift */ = {isa = PBXFileReference; fileEncoding = 4; lastKnownFileType = sourcecode.swift; path = UserDefaultViewController.swift; sourceTree = "<group>"; };
		CC83C6461B96A467000ED609 /* imgintro.txt */ = {isa = PBXFileReference; fileEncoding = 4; lastKnownFileType = text; name = imgintro.txt; path = ../../../../Downloads/imgintro.txt; sourceTree = "<group>"; };
		CC83C6481B96A475000ED609 /* poem.txt */ = {isa = PBXFileReference; fileEncoding = 4; lastKnownFileType = text; name = poem.txt; path = ../../../../Downloads/poem.txt; sourceTree = "<group>"; };
		CC83C64A1B96A962000ED609 /* ReadTXTViewController.swift */ = {isa = PBXFileReference; fileEncoding = 4; lastKnownFileType = sourcecode.swift; path = ReadTXTViewController.swift; sourceTree = "<group>"; };
		CC934AF71B5DEEE9004B6690 /* UI_Swift.app */ = {isa = PBXFileReference; explicitFileType = wrapper.application; includeInIndex = 0; path = UI_Swift.app; sourceTree = BUILT_PRODUCTS_DIR; };
		CC934AFB1B5DEEE9004B6690 /* Info.plist */ = {isa = PBXFileReference; lastKnownFileType = text.plist.xml; path = Info.plist; sourceTree = "<group>"; };
		CC934AFC1B5DEEE9004B6690 /* AppDelegate.swift */ = {isa = PBXFileReference; lastKnownFileType = sourcecode.swift; path = AppDelegate.swift; sourceTree = "<group>"; };
		CC934AFE1B5DEEE9004B6690 /* ViewController.swift */ = {isa = PBXFileReference; lastKnownFileType = sourcecode.swift; path = ViewController.swift; sourceTree = "<group>"; };
		CC934B011B5DEEE9004B6690 /* Base */ = {isa = PBXFileReference; lastKnownFileType = file.storyboard; name = Base; path = Base.lproj/Main.storyboard; sourceTree = "<group>"; };
		CC934B031B5DEEE9004B6690 /* Images.xcassets */ = {isa = PBXFileReference; lastKnownFileType = folder.assetcatalog; path = Images.xcassets; sourceTree = "<group>"; };
		CC934B061B5DEEE9004B6690 /* Base */ = {isa = PBXFileReference; lastKnownFileType = file.xib; name = Base; path = Base.lproj/LaunchScreen.xib; sourceTree = "<group>"; };
		CC934B0C1B5DEEE9004B6690 /* UI_SwiftTests.xctest */ = {isa = PBXFileReference; explicitFileType = wrapper.cfbundle; includeInIndex = 0; path = UI_SwiftTests.xctest; sourceTree = BUILT_PRODUCTS_DIR; };
		CC934B111B5DEEE9004B6690 /* Info.plist */ = {isa = PBXFileReference; lastKnownFileType = text.plist.xml; path = Info.plist; sourceTree = "<group>"; };
		CC934B121B5DEEE9004B6690 /* UI_SwiftTests.swift */ = {isa = PBXFileReference; lastKnownFileType = sourcecode.swift; path = UI_SwiftTests.swift; sourceTree = "<group>"; };
		CC934B1C1B5DEFC6004B6690 /* SecondViewController.swift */ = {isa = PBXFileReference; fileEncoding = 4; lastKnownFileType = sourcecode.swift; path = SecondViewController.swift; sourceTree = "<group>"; };
		CC937E7F1B6A230600A43B26 /* FourthViewController.swift */ = {isa = PBXFileReference; fileEncoding = 4; lastKnownFileType = sourcecode.swift; path = FourthViewController.swift; sourceTree = "<group>"; };
		CC94F0381B8173D300586601 /* HttpController.swift */ = {isa = PBXFileReference; fileEncoding = 4; lastKnownFileType = sourcecode.swift; path = HttpController.swift; sourceTree = "<group>"; };
		CC94F03C1B81842C00586601 /* HotelTableViewController.swift */ = {isa = PBXFileReference; fileEncoding = 4; lastKnownFileType = sourcecode.swift; path = HotelTableViewController.swift; sourceTree = "<group>"; };
		CCBED1351B71A7E000F31395 /* WebViewController.swift */ = {isa = PBXFileReference; fileEncoding = 4; lastKnownFileType = sourcecode.swift; path = WebViewController.swift; sourceTree = "<group>"; };
		CCC4F6CA1B9938850026B30B /* CreateFileViewController.swift */ = {isa = PBXFileReference; fileEncoding = 4; lastKnownFileType = sourcecode.swift; path = CreateFileViewController.swift; sourceTree = "<group>"; };
		CCC4F6CC1B998D8E0026B30B /* NotePadViewController.swift */ = {isa = PBXFileReference; fileEncoding = 4; lastKnownFileType = sourcecode.swift; path = NotePadViewController.swift; sourceTree = "<group>"; };
		CCED36981B61EA9700A4708C /* ThirdViewController.swift */ = {isa = PBXFileReference; fileEncoding = 4; lastKnownFileType = sourcecode.swift; path = ThirdViewController.swift; sourceTree = "<group>"; };
/* End PBXFileReference section */

/* Begin PBXFrameworksBuildPhase section */
		CC934AF41B5DEEE9004B6690 /* Frameworks */ = {
			isa = PBXFrameworksBuildPhase;
			buildActionMask = 2147483647;
			files = (
			);
			runOnlyForDeploymentPostprocessing = 0;
		};
		CC934B091B5DEEE9004B6690 /* Frameworks */ = {
			isa = PBXFrameworksBuildPhase;
			buildActionMask = 2147483647;
			files = (
			);
			runOnlyForDeploymentPostprocessing = 0;
		};
/* End PBXFrameworksBuildPhase section */

/* Begin PBXGroup section */
		CC934AEE1B5DEEE9004B6690 = {
			isa = PBXGroup;
			children = (
				CC934AF91B5DEEE9004B6690 /* UI_Swift */,
				CC934B0F1B5DEEE9004B6690 /* UI_SwiftTests */,
				CC934AF81B5DEEE9004B6690 /* Products */,
			);
			sourceTree = "<group>";
		};
		CC934AF81B5DEEE9004B6690 /* Products */ = {
			isa = PBXGroup;
			children = (
				CC934AF71B5DEEE9004B6690 /* UI_Swift.app */,
				CC934B0C1B5DEEE9004B6690 /* UI_SwiftTests.xctest */,
			);
			name = Products;
			sourceTree = "<group>";
		};
		CC934AF91B5DEEE9004B6690 /* UI_Swift */ = {
			isa = PBXGroup;
			children = (
				CC83C6461B96A467000ED609 /* imgintro.txt */,
				CC83C6481B96A475000ED609 /* poem.txt */,
				CC934AFC1B5DEEE9004B6690 /* AppDelegate.swift */,
				CC934AFE1B5DEEE9004B6690 /* ViewController.swift */,
				CC934B001B5DEEE9004B6690 /* Main.storyboard */,
				CC0515821B6B134C0068BBA9 /* CustomCell.swift */,
				CC934B031B5DEEE9004B6690 /* Images.xcassets */,
				CC934B051B5DEEE9004B6690 /* LaunchScreen.xib */,
				CC934AFA1B5DEEE9004B6690 /* Supporting Files */,
				CC934B1C1B5DEFC6004B6690 /* SecondViewController.swift */,
				CCED36981B61EA9700A4708C /* ThirdViewController.swift */,
				CC937E7F1B6A230600A43B26 /* FourthViewController.swift */,
				CC0515841B6B21660068BBA9 /* Flower.swift */,
				CC0515881B6B70690068BBA9 /* CollectionCustomCell.swift */,
				CC05158A1B6B725C0068BBA9 /* CollectionViewController.swift */,
				CCBED1351B71A7E000F31395 /* WebViewController.swift */,
				CC5BFB0E1B7D81AF006CBE20 /* MenuCollectionViewController.swift */,
				CC5BFB101B7D989C006CBE20 /* MenuCollectionCustomCell.swift */,
				CC5BFB121B7D9E0B006CBE20 /* FifthViewController.swift */,
				CC5BFB141B7D9E40006CBE20 /* SixthViewController.swift */,
				CC5BFB161B7DE0BF006CBE20 /* HotelMapViewController.swift */,
				CC5BFB181B7DEB3F006CBE20 /* HotelSingle.swift */,
				CC94F0381B8173D300586601 /* HttpController.swift */,
				CC94F03C1B81842C00586601 /* HotelTableViewController.swift */,
				CC83C6441B9686B2000ED609 /* UserDefaultViewController.swift */,
				CC83C64A1B96A962000ED609 /* ReadTXTViewController.swift */,
				CCC4F6CA1B9938850026B30B /* CreateFileViewController.swift */,
				CCC4F6CC1B998D8E0026B30B /* NotePadViewController.swift */,
			);
			path = UI_Swift;
			sourceTree = "<group>";
		};
		CC934AFA1B5DEEE9004B6690 /* Supporting Files */ = {
			isa = PBXGroup;
			children = (
				CC934AFB1B5DEEE9004B6690 /* Info.plist */,
			);
			name = "Supporting Files";
			sourceTree = "<group>";
		};
		CC934B0F1B5DEEE9004B6690 /* UI_SwiftTests */ = {
			isa = PBXGroup;
			children = (
				CC934B121B5DEEE9004B6690 /* UI_SwiftTests.swift */,
				CC934B101B5DEEE9004B6690 /* Supporting Files */,
			);
			path = UI_SwiftTests;
			sourceTree = "<group>";
		};
		CC934B101B5DEEE9004B6690 /* Supporting Files */ = {
			isa = PBXGroup;
			children = (
				CC934B111B5DEEE9004B6690 /* Info.plist */,
			);
			name = "Supporting Files";
			sourceTree = "<group>";
		};
/* End PBXGroup section */

/* Begin PBXNativeTarget section */
		CC934AF61B5DEEE9004B6690 /* UI_Swift */ = {
			isa = PBXNativeTarget;
			buildConfigurationList = CC934B161B5DEEE9004B6690 /* Build configuration list for PBXNativeTarget "UI_Swift" */;
			buildPhases = (
				CC934AF31B5DEEE9004B6690 /* Sources */,
				CC934AF41B5DEEE9004B6690 /* Frameworks */,
				CC934AF51B5DEEE9004B6690 /* Resources */,
			);
			buildRules = (
			);
			dependencies = (
			);
			name = UI_Swift;
			productName = UI_Swift;
			productReference = CC934AF71B5DEEE9004B6690 /* UI_Swift.app */;
			productType = "com.apple.product-type.application";
		};
		CC934B0B1B5DEEE9004B6690 /* UI_SwiftTests */ = {
			isa = PBXNativeTarget;
			buildConfigurationList = CC934B191B5DEEE9004B6690 /* Build configuration list for PBXNativeTarget "UI_SwiftTests" */;
			buildPhases = (
				CC934B081B5DEEE9004B6690 /* Sources */,
				CC934B091B5DEEE9004B6690 /* Frameworks */,
				CC934B0A1B5DEEE9004B6690 /* Resources */,
			);
			buildRules = (
			);
			dependencies = (
				CC934B0E1B5DEEE9004B6690 /* PBXTargetDependency */,
			);
			name = UI_SwiftTests;
			productName = UI_SwiftTests;
			productReference = CC934B0C1B5DEEE9004B6690 /* UI_SwiftTests.xctest */;
			productType = "com.apple.product-type.bundle.unit-test";
		};
/* End PBXNativeTarget section */

/* Begin PBXProject section */
		CC934AEF1B5DEEE9004B6690 /* Project object */ = {
			isa = PBXProject;
			attributes = {
				LastUpgradeCheck = 0640;
				ORGANIZATIONNAME = "林金龍";
				TargetAttributes = {
					CC934AF61B5DEEE9004B6690 = {
						CreatedOnToolsVersion = 6.4;
					};
					CC934B0B1B5DEEE9004B6690 = {
						CreatedOnToolsVersion = 6.4;
						TestTargetID = CC934AF61B5DEEE9004B6690;
					};
				};
			};
			buildConfigurationList = CC934AF21B5DEEE9004B6690 /* Build configuration list for PBXProject "UI_Swift" */;
			compatibilityVersion = "Xcode 3.2";
			developmentRegion = English;
			hasScannedForEncodings = 0;
			knownRegions = (
				en,
				Base,
			);
			mainGroup = CC934AEE1B5DEEE9004B6690;
			productRefGroup = CC934AF81B5DEEE9004B6690 /* Products */;
			projectDirPath = "";
			projectRoot = "";
			targets = (
				CC934AF61B5DEEE9004B6690 /* UI_Swift */,
				CC934B0B1B5DEEE9004B6690 /* UI_SwiftTests */,
			);
		};
/* End PBXProject section */

/* Begin PBXResourcesBuildPhase section */
		CC934AF51B5DEEE9004B6690 /* Resources */ = {
			isa = PBXResourcesBuildPhase;
			buildActionMask = 2147483647;
			files = (
				CC934B021B5DEEE9004B6690 /* Main.storyboard in Resources */,
				CC934B071B5DEEE9004B6690 /* LaunchScreen.xib in Resources */,
				CC934B041B5DEEE9004B6690 /* Images.xcassets in Resources */,
				CC83C6471B96A467000ED609 /* imgintro.txt in Resources */,
				CC83C6491B96A475000ED609 /* poem.txt in Resources */,
			);
			runOnlyForDeploymentPostprocessing = 0;
		};
		CC934B0A1B5DEEE9004B6690 /* Resources */ = {
			isa = PBXResourcesBuildPhase;
			buildActionMask = 2147483647;
			files = (
			);
			runOnlyForDeploymentPostprocessing = 0;
		};
/* End PBXResourcesBuildPhase section */

/* Begin PBXSourcesBuildPhase section */
		CC934AF31B5DEEE9004B6690 /* Sources */ = {
			isa = PBXSourcesBuildPhase;
			buildActionMask = 2147483647;
			files = (
				CC5BFB171B7DE0BF006CBE20 /* HotelMapViewController.swift in Sources */,
				CC5BFB0F1B7D81AF006CBE20 /* MenuCollectionViewController.swift in Sources */,
				CC5BFB151B7D9E40006CBE20 /* SixthViewController.swift in Sources */,
				CC05158B1B6B725C0068BBA9 /* CollectionViewController.swift in Sources */,
				CC94F03D1B81842C00586601 /* HotelTableViewController.swift in Sources */,
				CC0515851B6B21660068BBA9 /* Flower.swift in Sources */,
				CC934B1D1B5DEFC6004B6690 /* SecondViewController.swift in Sources */,
				CC94F0391B8173D300586601 /* HttpController.swift in Sources */,
				CCBED1361B71A7E000F31395 /* WebViewController.swift in Sources */,
				CCC4F6CB1B9938850026B30B /* CreateFileViewController.swift in Sources */,
				CC83C6451B9686B2000ED609 /* UserDefaultViewController.swift in Sources */,
				CC5BFB111B7D989C006CBE20 /* MenuCollectionCustomCell.swift in Sources */,
				CC934AFF1B5DEEE9004B6690 /* ViewController.swift in Sources */,
				CCED36991B61EA9700A4708C /* ThirdViewController.swift in Sources */,
				CC5BFB191B7DEB3F006CBE20 /* HotelSingle.swift in Sources */,
				CC0515891B6B70690068BBA9 /* CollectionCustomCell.swift in Sources */,
				CC5BFB131B7D9E0B006CBE20 /* FifthViewController.swift in Sources */,
				CC934AFD1B5DEEE9004B6690 /* AppDelegate.swift in Sources */,
				CC83C64B1B96A962000ED609 /* ReadTXTViewController.swift in Sources */,
				CC0515831B6B134C0068BBA9 /* CustomCell.swift in Sources */,
				CCC4F6CD1B998D8E0026B30B /* NotePadViewController.swift in Sources */,
				CC937E801B6A230600A43B26 /* FourthViewController.swift in Sources */,
			);
			runOnlyForDeploymentPostprocessing = 0;
		};
		CC934B081B5DEEE9004B6690 /* Sources */ = {
			isa = PBXSourcesBuildPhase;
			buildActionMask = 2147483647;
			files = (
				CC934B131B5DEEE9004B6690 /* UI_SwiftTests.swift in Sources */,
			);
			runOnlyForDeploymentPostprocessing = 0;
		};
/* End PBXSourcesBuildPhase section */

/* Begin PBXTargetDependency section */
		CC934B0E1B5DEEE9004B6690 /* PBXTargetDependency */ = {
			isa = PBXTargetDependency;
			target = CC934AF61B5DEEE9004B6690 /* UI_Swift */;
			targetProxy = CC934B0D1B5DEEE9004B6690 /* PBXContainerItemProxy */;
		};
/* End PBXTargetDependency section */

/* Begin PBXVariantGroup section */
		CC934B001B5DEEE9004B6690 /* Main.storyboard */ = {
			isa = PBXVariantGroup;
			children = (
				CC934B011B5DEEE9004B6690 /* Base */,
			);
			name = Main.storyboard;
			sourceTree = "<group>";
		};
		CC934B051B5DEEE9004B6690 /* LaunchScreen.xib */ = {
			isa = PBXVariantGroup;
			children = (
				CC934B061B5DEEE9004B6690 /* Base */,
			);
			name = LaunchScreen.xib;
			sourceTree = "<group>";
		};
/* End PBXVariantGroup section */

/* Begin XCBuildConfiguration section */
		CC934B141B5DEEE9004B6690 /* Debug */ = {
			isa = XCBuildConfiguration;
			buildSettings = {
				ALWAYS_SEARCH_USER_PATHS = NO;
				CLANG_CXX_LANGUAGE_STANDARD = "gnu++0x";
				CLANG_CXX_LIBRARY = "libc++";
				CLANG_ENABLE_MODULES = YES;
				CLANG_ENABLE_OBJC_ARC = YES;
				CLANG_WARN_BOOL_CONVERSION = YES;
				CLANG_WARN_CONSTANT_CONVERSION = YES;
				CLANG_WARN_DIRECT_OBJC_ISA_USAGE = YES_ERROR;
				CLANG_WARN_EMPTY_BODY = YES;
				CLANG_WARN_ENUM_CONVERSION = YES;
				CLANG_WARN_INT_CONVERSION = YES;
				CLANG_WARN_OBJC_ROOT_CLASS = YES_ERROR;
				CLANG_WARN_UNREACHABLE_CODE = YES;
				CLANG_WARN__DUPLICATE_METHOD_MATCH = YES;
				"CODE_SIGN_IDENTITY[sdk=iphoneos*]" = "iPhone Developer";
				COPY_PHASE_STRIP = NO;
				DEBUG_INFORMATION_FORMAT = "dwarf-with-dsym";
				ENABLE_STRICT_OBJC_MSGSEND = YES;
				GCC_C_LANGUAGE_STANDARD = gnu99;
				GCC_DYNAMIC_NO_PIC = NO;
				GCC_NO_COMMON_BLOCKS = YES;
				GCC_OPTIMIZATION_LEVEL = 0;
				GCC_PREPROCESSOR_DEFINITIONS = (
					"DEBUG=1",
					"$(inherited)",
				);
				GCC_SYMBOLS_PRIVATE_EXTERN = NO;
				GCC_WARN_64_TO_32_BIT_CONVERSION = YES;
				GCC_WARN_ABOUT_RETURN_TYPE = YES_ERROR;
				GCC_WARN_UNDECLARED_SELECTOR = YES;
				GCC_WARN_UNINITIALIZED_AUTOS = YES_AGGRESSIVE;
				GCC_WARN_UNUSED_FUNCTION = YES;
				GCC_WARN_UNUSED_VARIABLE = YES;
				IPHONEOS_DEPLOYMENT_TARGET = 8.4;
				MTL_ENABLE_DEBUG_INFO = YES;
				ONLY_ACTIVE_ARCH = YES;
				SDKROOT = iphoneos;
				SWIFT_OPTIMIZATION_LEVEL = "-Onone";
			};
			name = Debug;
		};
		CC934B151B5DEEE9004B6690 /* Release */ = {
			isa = XCBuildConfiguration;
			buildSettings = {
				ALWAYS_SEARCH_USER_PATHS = NO;
				CLANG_CXX_LANGUAGE_STANDARD = "gnu++0x";
				CLANG_CXX_LIBRARY = "libc++";
				CLANG_ENABLE_MODULES = YES;
				CLANG_ENABLE_OBJC_ARC = YES;
				CLANG_WARN_BOOL_CONVERSION = YES;
				CLANG_WARN_CONSTANT_CONVERSION = YES;
				CLANG_WARN_DIRECT_OBJC_ISA_USAGE = YES_ERROR;
				CLANG_WARN_EMPTY_BODY = YES;
				CLANG_WARN_ENUM_CONVERSION = YES;
				CLANG_WARN_INT_CONVERSION = YES;
				CLANG_WARN_OBJC_ROOT_CLASS = YES_ERROR;
				CLANG_WARN_UNREACHABLE_CODE = YES;
				CLANG_WARN__DUPLICATE_METHOD_MATCH = YES;
				"CODE_SIGN_IDENTITY[sdk=iphoneos*]" = "iPhone Developer";
				COPY_PHASE_STRIP = NO;
				DEBUG_INFORMATION_FORMAT = "dwarf-with-dsym";
				ENABLE_NS_ASSERTIONS = NO;
				ENABLE_STRICT_OBJC_MSGSEND = YES;
				GCC_C_LANGUAGE_STANDARD = gnu99;
				GCC_NO_COMMON_BLOCKS = YES;
				GCC_WARN_64_TO_32_BIT_CONVERSION = YES;
				GCC_WARN_ABOUT_RETURN_TYPE = YES_ERROR;
				GCC_WARN_UNDECLARED_SELECTOR = YES;
				GCC_WARN_UNINITIALIZED_AUTOS = YES_AGGRESSIVE;
				GCC_WARN_UNUSED_FUNCTION = YES;
				GCC_WARN_UNUSED_VARIABLE = YES;
				IPHONEOS_DEPLOYMENT_TARGET = 8.4;
				MTL_ENABLE_DEBUG_INFO = NO;
				SDKROOT = iphoneos;
				VALIDATE_PRODUCT = YES;
			};
			name = Release;
		};
		CC934B171B5DEEE9004B6690 /* Debug */ = {
			isa = XCBuildConfiguration;
			buildSettings = {
				ASSETCATALOG_COMPILER_APPICON_NAME = AppIcon;
				INFOPLIST_FILE = UI_Swift/Info.plist;
				LD_RUNPATH_SEARCH_PATHS = "$(inherited) @executable_path/Frameworks";
				PRODUCT_NAME = "$(TARGET_NAME)";
			};
			name = Debug;
		};
		CC934B181B5DEEE9004B6690 /* Release */ = {
			isa = XCBuildConfiguration;
			buildSettings = {
				ASSETCATALOG_COMPILER_APPICON_NAME = AppIcon;
				INFOPLIST_FILE = UI_Swift/Info.plist;
				LD_RUNPATH_SEARCH_PATHS = "$(inherited) @executable_path/Frameworks";
				PRODUCT_NAME = "$(TARGET_NAME)";
			};
			name = Release;
		};
		CC934B1A1B5DEEE9004B6690 /* Debug */ = {
			isa = XCBuildConfiguration;
			buildSettings = {
				BUNDLE_LOADER = "$(TEST_HOST)";
				FRAMEWORK_SEARCH_PATHS = (
					"$(SDKROOT)/Developer/Library/Frameworks",
					"$(inherited)",
				);
				GCC_PREPROCESSOR_DEFINITIONS = (
					"DEBUG=1",
					"$(inherited)",
				);
				INFOPLIST_FILE = UI_SwiftTests/Info.plist;
				LD_RUNPATH_SEARCH_PATHS = "$(inherited) @executable_path/Frameworks @loader_path/Frameworks";
				PRODUCT_NAME = "$(TARGET_NAME)";
				TEST_HOST = "$(BUILT_PRODUCTS_DIR)/UI_Swift.app/UI_Swift";
			};
			name = Debug;
		};
		CC934B1B1B5DEEE9004B6690 /* Release */ = {
			isa = XCBuildConfiguration;
			buildSettings = {
				BUNDLE_LOADER = "$(TEST_HOST)";
				FRAMEWORK_SEARCH_PATHS = (
					"$(SDKROOT)/Developer/Library/Frameworks",
					"$(inherited)",
				);
				INFOPLIST_FILE = UI_SwiftTests/Info.plist;
				LD_RUNPATH_SEARCH_PATHS = "$(inherited) @executable_path/Frameworks @loader_path/Frameworks";
				PRODUCT_NAME = "$(TARGET_NAME)";
				TEST_HOST = "$(BUILT_PRODUCTS_DIR)/UI_Swift.app/UI_Swift";
			};
			name = Release;
		};
/* End XCBuildConfiguration section */

/* Begin XCConfigurationList section */
		CC934AF21B5DEEE9004B6690 /* Build configuration list for PBXProject "UI_Swift" */ = {
			isa = XCConfigurationList;
			buildConfigurations = (
				CC934B141B5DEEE9004B6690 /* Debug */,
				CC934B151B5DEEE9004B6690 /* Release */,
			);
			defaultConfigurationIsVisible = 0;
			defaultConfigurationName = Release;
		};
		CC934B161B5DEEE9004B6690 /* Build configuration list for PBXNativeTarget "UI_Swift" */ = {
			isa = XCConfigurationList;
			buildConfigurations = (
				CC934B171B5DEEE9004B6690 /* Debug */,
				CC934B181B5DEEE9004B6690 /* Release */,
			);
			defaultConfigurationIsVisible = 0;
			defaultConfigurationName = Release;
		};
		CC934B191B5DEEE9004B6690 /* Build configuration list for PBXNativeTarget "UI_SwiftTests" */ = {
			isa = XCConfigurationList;
			buildConfigurations = (
				CC934B1A1B5DEEE9004B6690 /* Debug */,
				CC934B1B1B5DEEE9004B6690 /* Release */,
			);
			defaultConfigurationIsVisible = 0;
			defaultConfigurationName = Release;
		};
/* End XCConfigurationList section */
	};
	rootObject = CC934AEF1B5DEEE9004B6690 /* Project object */;
}
